<Solution>
  <Configurations>
    <Platform Name="x64" />
  </Configurations>
  <Project Path="Array/Array.vcxproj" Id="3a66b97e-5236-4835-bad1-29616af3ff99" />
  <Project Path="BuildProcess/BuildProcess.vcxproj" Id="0ee075cf-0e55-48ec-8a8f-d7e509b7d463" />
  <Project Path="Class/Class.vcxproj" Id="359688bd-c4ac-4bcf-85db-211720fba1ea" />
  <Project Path="ClassInheritance/ClassInheritance.vcxproj" Id="1b7da336-9705-42f1-a3ea-3cbdd5a68d93" />
  <Project Path="ConsoleInput/ConsoleInput.vcxproj" Id="93c154db-c18a-4820-bb9f-b7e9010a7df1" />
  <Project Path="ConsoleIO/ConsoleIO.vcxproj" Id="62e5eca7-e199-4044-8aa0-4cc09392e419" />
  <Project Path="CopyConstructor/CopyConstructor.vcxproj" Id="d7514b9c-743a-4f36-b599-cbfd0c70740e" />
  <Project Path="CustomRTTI/CustomRTTI.vcxproj" Id="3a94b82b-8d00-405a-9aeb-00e34a781efa" />
  <Project Path="OperatorOverloading/OperatorOverloading.vcxproj" Id="6b93b182-fef8-4b2b-addc-622f6cab06d4" />
  <Project Path="Pointer/Pointer.vcxproj" Id="c3093533-0255-41aa-8fb0-f85a82d12822" />
  <Project Path="RTTI/RTTI.vcxproj" Id="374540cf-34ba-4cec-9171-82c9e7ea5efe" />
  <Project Path="Static/Static.vcxproj" Id="7eb3be3c-64fd-4367-bfc8-17966920ee8b" />
  <Project Path="String/String.vcxproj" Id="a118f42e-b30b-4595-9da7-96b7b98edf1e" />
  <Project Path="StudyALON/StudyALON.vcxproj" Id="8d3bf42f-7c65-416c-b9f0-80080882e5e9" />
  <Project Path="Template/Template.vcxproj" Id="edd59127-dbeb-4cbb-b50b-c020391cbf72" />
  <Project Path="Virtual/Virtual.vcxproj" Id="d9f6df32-d1db-44de-9742-c1add004871b" />
</Solution>
